<?xml version="1.0" encoding="utf-8"?>
<Project ToolsVersion="4.0" xmlns="http://schemas.microsoft.com/developer/msbuild/2003">
  <ItemGroup>
    <Filter Include="Source Files">
      <UniqueIdentifier>{4FC737F1-C7A5-4376-A066-2A32D752A2FF}</UniqueIdentifier>
      <Extensions>cpp;c;cc;cxx;def;odl;idl;hpj;bat;asm;asmx</Extensions>
    </Filter>
    <Filter Include="Header Files">
      <UniqueIdentifier>{93995380-89BD-4b04-88EB-625FBE52EBFB}</UniqueIdentifier>
      <Extensions>h;hh;hpp;hxx;hm;inl;inc;ipp;xsd</Extensions>
    </Filter>
    <Filter Include="Source Files\Core">
      <UniqueIdentifier>{38924dcf-7bc4-41c0-90e9-8c6cb2c8def0}</UniqueIdentifier>
    </Filter>
    <Filter Include="Header Files\Core">
      <UniqueIdentifier>{e496dfe3-7044-4859-8d43-2af59860617f}</UniqueIdentifier>
    </Filter>
    <Filter Include="Source Files\Graphics">
      <UniqueIdentifier>{cbdee3bb-0b6e-483e-90e2-cafe7e653641}</UniqueIdentifier>
    </Filter>
    <Filter Include="Header Files\Graphics">
      <UniqueIdentifier>{6ffbc774-926f-4645-b46c-1901b7f5269e}</UniqueIdentifier>
    </Filter>
    <Filter Include="Source Files\Physics">
      <UniqueIdentifier>{fb89cc73-72b2-4744-aa95-dfea3dc0be26}</UniqueIdentifier>
    </Filter>
    <Filter Include="Header Files\Physics">
      <UniqueIdentifier>{535dcd9e-7c46-459f-b820-82a278a93e35}</UniqueIdentifier>
    </Filter>
    <Filter Include="Header Files\Object">
      <UniqueIdentifier>{bd59e779-083a-4c31-b737-39ef76b38d84}</UniqueIdentifier>
    </Filter>
    <Filter Include="Header Files\Characters">
      <UniqueIdentifier>{09a00c96-c16b-413f-a475-73b4a0871e94}</UniqueIdentifier>
    </Filter>
    <Filter Include="Source Files\Characters">
      <UniqueIdentifier>{22886dd1-6958-449b-ae51-fce6c1cb3d37}</UniqueIdentifier>
    </Filter>
    <Filter Include="Source Files\Animation">
      <UniqueIdentifier>{bd989a91-df58-42fb-a207-65ac4761960d}</UniqueIdentifier>
    </Filter>
    <Filter Include="Header Files\Animation">
      <UniqueIdentifier>{7536d3ac-2c1b-4eeb-be3b-a2dfd440b2a8}</UniqueIdentifier>
    </Filter>
    <Filter Include="Source Files\Input">
      <UniqueIdentifier>{53cfd67e-32d4-4e0a-b134-9c77dba806e3}</UniqueIdentifier>
    </Filter>
    <Filter Include="Header Files\Input">
      <UniqueIdentifier>{1d016885-6827-402b-8d56-45490236659f}</UniqueIdentifier>
    </Filter>
    <Filter Include="Header Files\Timer">
      <UniqueIdentifier>{05006b7d-6121-4f9d-87fb-2435509a8c38}</UniqueIdentifier>
    </Filter>
    <Filter Include="Source Files\Timer">
      <UniqueIdentifier>{5feae965-40e9-4c86-86cf-92894f4981da}</UniqueIdentifier>
    </Filter>
    <Filter Include="Header Files\Map">
      <UniqueIdentifier>{e8cb9a97-2bae-49d5-ba92-786e38e3ff11}</UniqueIdentifier>
    </Filter>
    <Filter Include="Source Files\Map">
      <UniqueIdentifier>{c1a3a6dd-3c94-49bd-bbc5-56199b35f2d4}</UniqueIdentifier>
    </Filter>
    <Filter Include="Source Files\TinyXML">
      <UniqueIdentifier>{fa0143d9-619f-4b09-b8a0-7c5d88ea20e0}</UniqueIdentifier>
    </Filter>
    <Filter Include="Header Files\TinyXML">
      <UniqueIdentifier>{c3ace1aa-4f00-4b4e-9353-891028284289}</UniqueIdentifier>
    </Filter>
    <Filter Include="Source Files\Camera">
      <UniqueIdentifier>{fe8468ea-dcee-438c-b4f6-3ea1a318c09d}</UniqueIdentifier>
    </Filter>
    <Filter Include="Header Files\Camera">
      <UniqueIdentifier>{a71395f1-81f5-4f0b-80b6-cefc21e1b95f}</UniqueIdentifier>
    </Filter>
    <Filter Include="Source Files\Collision">
      <UniqueIdentifier>{70757be7-f8eb-4a97-86cd-d88a0347dc9b}</UniqueIdentifier>
    </Filter>
    <Filter Include="Header Files\Collision">
      <UniqueIdentifier>{d6c41a29-1df6-42b4-9279-d909cca8063b}</UniqueIdentifier>
    </Filter>
    <Filter Include="Header Files\Particles">
      <UniqueIdentifier>{e4b588c7-adca-4ad3-9aed-06a55f8f1b50}</UniqueIdentifier>
    </Filter>
    <Filter Include="Header Files\Helpers">
      <UniqueIdentifier>{aef5bf25-4cbe-452f-9b92-f712c5e49788}</UniqueIdentifier>
    </Filter>
  </ItemGroup>
  <ItemGroup>
    <ClCompile Include="Main.cpp">
      <Filter>Source Files</Filter>
    </ClCompile>
    <ClCompile Include="Game.cpp">
      <Filter>Source Files</Filter>
    </ClCompile>
    <ClCompile Include="Engine.cpp">
      <Filter>Source Files\Core</Filter>
    </ClCompile>
    <ClCompile Include="TextureManager.cpp">
      <Filter>Source Files\Graphics</Filter>
    </ClCompile>
    <ClCompile Include="Warrior.cpp">
      <Filter>Source Files\Characters</Filter>
    </ClCompile>
    <ClCompile Include="Animation.cpp">
      <Filter>Source Files\Animation</Filter>
    </ClCompile>
    <ClCompile Include="Input.cpp">
      <Filter>Source Files\Input</Filter>
    </ClCompile>
    <ClCompile Include="Timer.cpp">
      <Filter>Source Files\Timer</Filter>
    </ClCompile>
    <ClCompile Include="TileLayer.cpp">
      <Filter>Source Files\Map</Filter>
    </ClCompile>
    <ClCompile Include="MapParser.cpp">
      <Filter>Source Files\Map</Filter>
    </ClCompile>
    <ClCompile Include="Vendor\tinyxml_2_6_2\tinystr.cpp">
      <Filter>Source Files\TinyXML</Filter>
    </ClCompile>
    <ClCompile Include="Vendor\tinyxml_2_6_2\tinyxml.cpp">
      <Filter>Source Files\TinyXML</Filter>
    </ClCompile>
    <ClCompile Include="Vendor\tinyxml_2_6_2\tinyxmlerror.cpp">
      <Filter>Source Files\TinyXML</Filter>
    </ClCompile>
    <ClCompile Include="Vendor\tinyxml_2_6_2\tinyxmlparser.cpp">
      <Filter>Source Files\TinyXML</Filter>
    </ClCompile>
    <ClCompile Include="Camera.cpp">
      <Filter>Source Files\Camera</Filter>
    </ClCompile>
    <ClCompile Include="CollisionHandler.cpp">
      <Filter>Source Files\Collision</Filter>
    </ClCompile>
    <ClCompile Include="SpriteAnimation.cpp">
      <Filter>Source Files\Animation</Filter>
    </ClCompile>
    <ClCompile Include="SequenceAnimation.cpp">
      <Filter>Source Files\Animation</Filter>
    </ClCompile>
  </ItemGroup>
  <ItemGroup>
    <ClInclude Include="Game.h">
      <Filter>Header Files</Filter>
    </ClInclude>
    <ClInclude Include="resource.h">
      <Filter>Header Files</Filter>
    </ClInclude>
    <ClInclude Include="Engine.h">
      <Filter>Header Files\Core</Filter>
    </ClInclude>
    <ClInclude Include="TextureManager.h">
      <Filter>Header Files\Graphics</Filter>
    </ClInclude>
    <ClInclude Include="Vector2D.h">
      <Filter>Header Files\Physics</Filter>
    </ClInclude>
    <ClInclude Include="Transform.h">
      <Filter>Header Files\Physics</Filter>
    </ClInclude>
    <ClInclude Include="IObject.h">
      <Filter>Header Files\Object</Filter>
    </ClInclude>
    <ClInclude Include="GameObject.h">
      <Filter>Header Files\Object</Filter>
    </ClInclude>
    <ClInclude Include="Character.h">
      <Filter>Header Files\Characters</Filter>
    </ClInclude>
    <ClInclude Include="Warrior.h">
      <Filter>Header Files\Characters</Filter>
    </ClInclude>
    <ClInclude Include="Animation.h">
      <Filter>Header Files\Animation</Filter>
    </ClInclude>
    <ClInclude Include="RigidBody.h">
      <Filter>Header Files\Physics</Filter>
    </ClInclude>
    <ClInclude Include="Input.h">
      <Filter>Header Files\Input</Filter>
    </ClInclude>
    <ClInclude Include="Timer.h">
      <Filter>Header Files\Timer</Filter>
    </ClInclude>
    <ClInclude Include="Layer.h">
      <Filter>Header Files\Map</Filter>
    </ClInclude>
    <ClInclude Include="GameMap.h">
      <Filter>Header Files\Map</Filter>
    </ClInclude>
    <ClInclude Include="TileLayer.h">
      <Filter>Header Files\Map</Filter>
    </ClInclude>
    <ClInclude Include="MapParser.h">
      <Filter>Header Files\Map</Filter>
    </ClInclude>
    <ClInclude Include="Vendor\tinyxml_2_6_2\tinystr.h">
      <Filter>Header Files\TinyXML</Filter>
    </ClInclude>
    <ClInclude Include="Vendor\tinyxml_2_6_2\tinyxml.h">
      <Filter>Header Files\TinyXML</Filter>
    </ClInclude>
    <ClInclude Include="Camera.h">
      <Filter>Header Files\Camera</Filter>
    </ClInclude>
    <ClInclude Include="Point.h">
      <Filter>Header Files\Physics</Filter>
    </ClInclude>
    <ClInclude Include="CollisionHandler.h">
      <Filter>Header Files\Collision</Filter>
    </ClInclude>
    <ClInclude Include="Collider.h">
      <Filter>Header Files\Physics</Filter>
    </ClInclude>
    <ClInclude Include="Particle.h">
      <Filter>Header Files\Particles</Filter>
    </ClInclude>
    <ClInclude Include="SpriteAnimation.h">
      <Filter>Header Files\Animation</Filter>
    </ClInclude>
    <ClInclude Include="SequenceAnimation.h">
      <Filter>Header Files\Animation</Filter>
    </ClInclude>
    <ClInclude Include="ParticleEmitter.h">
      <Filter>Header Files\Particles</Filter>
    </ClInclude>
    <ClInclude Include="RandomUtil.h">
      <Filter>Header Files\Helpers</Filter>
    </ClInclude>
  </ItemGroup>
  <ItemGroup>
    <None Include="Vendor\tinyxml_2_6_2\docs\annotated.html">
      <Filter>Source Files\TinyXML</Filter>
    </None>
    <None Include="Vendor\tinyxml_2_6_2\docs\classes.html">
      <Filter>Source Files\TinyXML</Filter>
    </None>
    <None Include="Vendor\tinyxml_2_6_2\docs\classTiXmlAttribute.html">
      <Filter>Source Files\TinyXML</Filter>
    </None>
    <None Include="Vendor\tinyxml_2_6_2\docs\classTiXmlAttribute-members.html">
      <Filter>Source Files\TinyXML</Filter>
    </None>
    <None Include="Vendor\tinyxml_2_6_2\docs\classTiXmlBase.html">
      <Filter>Source Files\TinyXML</Filter>
    </None>
    <None Include="Vendor\tinyxml_2_6_2\docs\classTiXmlBase-members.html">
      <Filter>Source Files\TinyXML</Filter>
    </None>
    <None Include="Vendor\tinyxml_2_6_2\docs\classTiXmlComment.html">
      <Filter>Source Files\TinyXML</Filter>
    </None>
    <None Include="Vendor\tinyxml_2_6_2\docs\classTiXmlComment-members.html">
      <Filter>Source Files\TinyXML</Filter>
    </None>
    <None Include="Vendor\tinyxml_2_6_2\docs\classTiXmlDeclaration.html">
      <Filter>Source Files\TinyXML</Filter>
    </None>
    <None Include="Vendor\tinyxml_2_6_2\docs\classTiXmlDeclaration-members.html">
      <Filter>Source Files\TinyXML</Filter>
    </None>
    <None Include="Vendor\tinyxml_2_6_2\docs\classTiXmlDocument.html">
      <Filter>Source Files\TinyXML</Filter>
    </None>
    <None Include="Vendor\tinyxml_2_6_2\docs\classTiXmlDocument-members.html">
      <Filter>Source Files\TinyXML</Filter>
    </None>
    <None Include="Vendor\tinyxml_2_6_2\docs\classTiXmlElement.html">
      <Filter>Source Files\TinyXML</Filter>
    </None>
    <None Include="Vendor\tinyxml_2_6_2\docs\classTiXmlElement-members.html">
      <Filter>Source Files\TinyXML</Filter>
    </None>
    <None Include="Vendor\tinyxml_2_6_2\docs\classTiXmlHandle.html">
      <Filter>Source Files\TinyXML</Filter>
    </None>
    <None Include="Vendor\tinyxml_2_6_2\docs\classTiXmlHandle-members.html">
      <Filter>Source Files\TinyXML</Filter>
    </None>
    <None Include="Vendor\tinyxml_2_6_2\docs\classTiXmlNode.html">
      <Filter>Source Files\TinyXML</Filter>
    </None>
    <None Include="Vendor\tinyxml_2_6_2\docs\classTiXmlNode-members.html">
      <Filter>Source Files\TinyXML</Filter>
    </None>
    <None Include="Vendor\tinyxml_2_6_2\docs\classTiXmlPrinter.html">
      <Filter>Source Files\TinyXML</Filter>
    </None>
    <None Include="Vendor\tinyxml_2_6_2\docs\classTiXmlPrinter-members.html">
      <Filter>Source Files\TinyXML</Filter>
    </None>
    <None Include="Vendor\tinyxml_2_6_2\docs\classTiXmlText.html">
      <Filter>Source Files\TinyXML</Filter>
    </None>
    <None Include="Vendor\tinyxml_2_6_2\docs\classTiXmlText-members.html">
      <Filter>Source Files\TinyXML</Filter>
    </None>
    <None Include="Vendor\tinyxml_2_6_2\docs\classTiXmlUnknown.html">
      <Filter>Source Files\TinyXML</Filter>
    </None>
    <None Include="Vendor\tinyxml_2_6_2\docs\classTiXmlUnknown-members.html">
      <Filter>Source Files\TinyXML</Filter>
    </None>
    <None Include="Vendor\tinyxml_2_6_2\docs\classTiXmlVisitor.html">
      <Filter>Source Files\TinyXML</Filter>
    </None>
    <None Include="Vendor\tinyxml_2_6_2\docs\classTiXmlVisitor-members.html">
      <Filter>Source Files\TinyXML</Filter>
    </None>
    <None Include="Vendor\tinyxml_2_6_2\docs\deprecated.html">
      <Filter>Source Files\TinyXML</Filter>
    </None>
    <None Include="Vendor\tinyxml_2_6_2\docs\files.html">
      <Filter>Source Files\TinyXML</Filter>
    </None>
    <None Include="Vendor\tinyxml_2_6_2\docs\functions.html">
      <Filter>Source Files\TinyXML</Filter>
    </None>
    <None Include="Vendor\tinyxml_2_6_2\docs\functions_0x6c.html">
      <Filter>Source Files\TinyXML</Filter>
    </None>
    <None Include="Vendor\tinyxml_2_6_2\docs\functions_0x6e.html">
      <Filter>Source Files\TinyXML</Filter>
    </None>
    <None Include="Vendor\tinyxml_2_6_2\docs\functions_0x6f.html">
      <Filter>Source Files\TinyXML</Filter>
    </None>
    <None Include="Vendor\tinyxml_2_6_2\docs\functions_0x63.html">
      <Filter>Source Files\TinyXML</Filter>
    </None>
    <None Include="Vendor\tinyxml_2_6_2\docs\functions_0x64.html">
      <Filter>Source Files\TinyXML</Filter>
    </None>
    <None Include="Vendor\tinyxml_2_6_2\docs\functions_0x65.html">
      <Filter>Source Files\TinyXML</Filter>
    </None>
    <None Include="Vendor\tinyxml_2_6_2\docs\functions_0x66.html">
      <Filter>Source Files\TinyXML</Filter>
    </None>
    <None Include="Vendor\tinyxml_2_6_2\docs\functions_0x67.html">
      <Filter>Source Files\TinyXML</Filter>
    </None>
    <None Include="Vendor\tinyxml_2_6_2\docs\functions_0x69.html">
      <Filter>Source Files\TinyXML</Filter>
    </None>
    <None Include="Vendor\tinyxml_2_6_2\docs\functions_0x70.html">
      <Filter>Source Files\TinyXML</Filter>
    </None>
    <None Include="Vendor\tinyxml_2_6_2\docs\functions_0x71.html">
      <Filter>Source Files\TinyXML</Filter>
    </None>
    <None Include="Vendor\tinyxml_2_6_2\docs\functions_0x72.html">
      <Filter>Source Files\TinyXML</Filter>
    </None>
    <None Include="Vendor\tinyxml_2_6_2\docs\functions_0x73.html">
      <Filter>Source Files\TinyXML</Filter>
    </None>
    <None Include="Vendor\tinyxml_2_6_2\docs\functions_0x74.html">
      <Filter>Source Files\TinyXML</Filter>
    </None>
    <None Include="Vendor\tinyxml_2_6_2\docs\functions_0x75.html">
      <Filter>Source Files\TinyXML</Filter>
    </None>
    <None Include="Vendor\tinyxml_2_6_2\docs\functions_0x76.html">
      <Filter>Source Files\TinyXML</Filter>
    </None>
    <None Include="Vendor\tinyxml_2_6_2\docs\functions_enum.html">
      <Filter>Source Files\TinyXML</Filter>
    </None>
    <None Include="Vendor\tinyxml_2_6_2\docs\functions_func.html">
      <Filter>Source Files\TinyXML</Filter>
    </None>
    <None Include="Vendor\tinyxml_2_6_2\docs\functions_func_0x6c.html">
      <Filter>Source Files\TinyXML</Filter>
    </None>
    <None Include="Vendor\tinyxml_2_6_2\docs\functions_func_0x6e.html">
      <Filter>Source Files\TinyXML</Filter>
    </None>
    <None Include="Vendor\tinyxml_2_6_2\docs\functions_func_0x63.html">
      <Filter>Source Files\TinyXML</Filter>
    </None>
    <None Include="Vendor\tinyxml_2_6_2\docs\functions_func_0x64.html">
      <Filter>Source Files\TinyXML</Filter>
    </None>
    <None Include="Vendor\tinyxml_2_6_2\docs\functions_func_0x65.html">
      <Filter>Source Files\TinyXML</Filter>
    </None>
    <None Include="Vendor\tinyxml_2_6_2\docs\functions_func_0x66.html">
      <Filter>Source Files\TinyXML</Filter>
    </None>
    <None Include="Vendor\tinyxml_2_6_2\docs\functions_func_0x67.html">
      <Filter>Source Files\TinyXML</Filter>
    </None>
    <None Include="Vendor\tinyxml_2_6_2\docs\functions_func_0x69.html">
      <Filter>Source Files\TinyXML</Filter>
    </None>
    <None Include="Vendor\tinyxml_2_6_2\docs\functions_func_0x70.html">
      <Filter>Source Files\TinyXML</Filter>
    </None>
    <None Include="Vendor\tinyxml_2_6_2\docs\functions_func_0x71.html">
      <Filter>Source Files\TinyXML</Filter>
    </None>
    <None Include="Vendor\tinyxml_2_6_2\docs\functions_func_0x72.html">
      <Filter>Source Files\TinyXML</Filter>
    </None>
    <None Include="Vendor\tinyxml_2_6_2\docs\functions_func_0x73.html">
      <Filter>Source Files\TinyXML</Filter>
    </None>
    <None Include="Vendor\tinyxml_2_6_2\docs\functions_func_0x74.html">
      <Filter>Source Files\TinyXML</Filter>
    </None>
    <None Include="Vendor\tinyxml_2_6_2\docs\functions_func_0x75.html">
      <Filter>Source Files\TinyXML</Filter>
    </None>
    <None Include="Vendor\tinyxml_2_6_2\docs\functions_func_0x76.html">
      <Filter>Source Files\TinyXML</Filter>
    </None>
    <None Include="Vendor\tinyxml_2_6_2\docs\functions_rela.html">
      <Filter>Source Files\TinyXML</Filter>
    </None>
    <None Include="Vendor\tinyxml_2_6_2\docs\functions_vars.html">
      <Filter>Source Files\TinyXML</Filter>
    </None>
    <None Include="Vendor\tinyxml_2_6_2\docs\hierarchy.html">
      <Filter>Source Files\TinyXML</Filter>
    </None>
    <None Include="Vendor\tinyxml_2_6_2\docs\index.html">
      <Filter>Source Files\TinyXML</Filter>
    </None>
    <None Include="Vendor\tinyxml_2_6_2\docs\pages.html">
      <Filter>Source Files\TinyXML</Filter>
    </None>
    <None Include="Vendor\tinyxml_2_6_2\docs\tinystr_8h_source.html">
      <Filter>Source Files\TinyXML</Filter>
    </None>
    <None Include="Vendor\tinyxml_2_6_2\docs\tinyxml_8h_source.html">
      <Filter>Source Files\TinyXML</Filter>
    </None>
    <None Include="Vendor\tinyxml_2_6_2\docs\tutorial0.html">
      <Filter>Source Files\TinyXML</Filter>
    </None>
  </ItemGroup>
</Project>